lockfileVersion: '9.0'

settings:
  autoInstallPeers: true
  excludeLinksFromLockfile: false

importers:

  .: {}

  apps/web:
    dependencies:
      '@softwall/database':
        specifier: workspace:*
        version: link:../../packages/database

  packages/database:
    dependencies:
      '@prisma/adapter-pg':
        specifier: 7.10.0
        version: 7.10.0
      '@prisma/client':
        specifier: 7.10.0
        version: 7.10.0
      pg:
        specifier: 8.16.3
        version: 8.16.3
    devDependencies:
      '@types/pg':
        specifier: 8.15.5
        version: 8.15.5
      dotenv:
        specifier: 17.2.1
        version: 17.2.1
      prisma:
        specifier: 7.10.0
        version: 7.10.0
      typescript:
        specifier: ^5.9.2
        version: 5.9.3

packages:

  '@prisma/adapter-pg@7.10.0':
    resolution: {integrity: sha512-N7nwSor0HO1Kz6xBv0TPAjAPysKK0fac6p4fVN3ensLOuzc/83Fgmln5k92eK/cvzqdkSR/2kkAqlbcdwVrwpw==}

  '@prisma/client@7.10.0':
    resolution: {integrity: sha512-Ubw/QS9JGIBSBUsyxAUQuK/Jcu0Tsva7le7QbLd91Kix9yJvYDdj5QkwgEbbZniH80dd+sziQcALPc+HnvQC8Q==}
    engines: {node: ^20.19 || ^22.12 || >=24.0}
    peerDependencies:
      prisma: '*'
      typescript: '>=5.4.0'
    peerDependenciesMeta:
      prisma:
        optional: true
      typescript:
        optional: true

  '@prisma/client-runtime-utils@7.10.0':
    resolution: {integrity: sha512-cnCy7lUV8/CctgKVEmwqAbSLAmwqJdE/qAlqTBk/0NDk59zEb2cZ0M0M0E4vVPnqbSEYudRroQDvOWfUZH6RIfw==}

  '@prisma/config@7.10.0':
    resolution: {integrity: sha512-Rcg828gIRE3HOQ3pOATFjV5d/P0U9OIobxhd/IMxlfWjA4vru0eGwb0AIwFw0rmcLMVShohZYWPixVxkBHsxUA==}

  '@prisma/debug@7.10.0':
    resolution: {integrity: sha512-caygJKtltmRIgdJ3jRpkOr7yM4DW6zxo5uOmojKWFb3asnxWoRkQOwZmXBgD8FZp4htrX+nMpcWqDwzlQ1+Y4g==}

  pg@8.16.3:
    resolution: {integrity: sha512-h6L9QY2k4k1j0Q9f9w0fGmJqK6m1g1dY4QhQq4kM9o9k9Jxq5u4p2m8l0w6g4Y2g1f3r4t5y6u7i8o9p0a1b2c3d4==}

  prisma@7.10.0:
    resolution: {integrity: sha512-placeholder}
    engines: {node: ^20.19 || ^22.12 || >=24.0}
